// !$*UTF8*$!
{
	archiveVersion = 1;
	classes = {
	};
	objectVersion = 50;
	objects = {

/* Begin PBXBuildFile section */
		AF3339FE2AC56055001D80FC /* AppDelegate.swift in Sources */ = {isa = PBXBuildFile; fileRef = AF3339FD2AC56055001D80FC /* AppDelegate.swift */; };
		AF333A002AC56055001D80FC /* SceneDelegate.swift in Sources */ = {isa = PBXBuildFile; fileRef = AF3339FF2AC56055001D80FC /* SceneDelegate.swift */; };
		AF333A022AC56055001D80FC /* ViewController.swift in Sources */ = {isa = PBXBuildFile; fileRef = AF333A012AC56055001D80FC /* ViewController.swift */; };
		AF333A052AC56055001D80FC /* Main.storyboard in Resources */ = {isa = PBXBuildFile; fileRef = AF333A032AC56055001D80FC /* Main.storyboard */; };
		AF333A072AC56057001D80FC /* Assets.xcassets in Resources */ = {isa = PBXBuildFile; fileRef = AF333A062AC56057001D80FC /* Assets.xcassets */; };
		AF333A0A2AC56057001D80FC /* LaunchScreen.storyboard in Resources */ = {isa = PBXBuildFile; fileRef = AF333A082AC56057001D80FC /* LaunchScreen.storyboard */; };
		AF333A152AC56057001D80FC /* holamundoTests.swift in Sources */ = {isa = PBXBuildFile; fileRef = AF333A142AC56057001D80FC /* holamundoTests.swift */; };
		AF333A202AC56057001D80FC /* holamundoUITests.swift in Sources */ = {isa = PBXBuildFile; fileRef = AF333A1F2AC56057001D80FC /* holamundoUITests.swift */; };
/* End PBXBuildFile section */

/* Begin PBXContainerItemProxy section */
		AF333A112AC56057001D80FC /* PBXContainerItemProxy */ = {
			isa = PBXContainerItemProxy;
			containerPortal = AF3339F22AC56055001D80FC /* Project object */;
			proxyType = 1;
			remoteGlobalIDString = AF3339F92AC56055001D80FC;
			remoteInfo = holamundo;
		};
		AF333A1C2AC56057001D80FC /* PBXContainerItemProxy */ = {
			isa = PBXContainerItemProxy;
			containerPortal = AF3339F22AC56055001D80FC /* Project object */;
			proxyType = 1;
			remoteGlobalIDString = AF3339F92AC56055001D80FC;
			remoteInfo = holamundo;
		};
/* End PBXContainerItemProxy section */

/* Begin PBXFileReference section */
		AF3339FA2AC56055001D80FC /* holamundo.app */ = {isa = PBXFileReference; explicitFileType = wrapper.application; includeInIndex = 0; path = holamundo.app; sourceTree = BUILT_PRODUCTS_DIR; };
		AF3339FD2AC56055001D80FC /* AppDelegate.swift */ = {isa = PBXFileReference; lastKnownFileType = sourcecode.swift; path = AppDelegate.swift; sourceTree = "<group>"; };
		AF3339FF2AC56055001D80FC /* SceneDelegate.swift */ = {isa = PBXFileReference; lastKnownFileType = sourcecode.swift; path = SceneDelegate.swift; sourceTree = "<group>"; };
		AF333A012AC56055001D80FC /* ViewController.swift */ = {isa = PBXFileReference; lastKnownFileType = sourcecode.swift; path = ViewController.swift; sourceTree = "<group>"; };
		AF333A042AC56055001D80FC /* Base */ = {isa = PBXFileReference; lastKnownFileType = file.storyboard; name = Base; path = Base.lproj/Main.storyboard; sourceTree = "<group>"; };
		AF333A062AC56057001D80FC /* Assets.xcassets */ = {isa = PBXFileReference; lastKnownFileType = folder.assetcatalog; path = Assets.xcassets; sourceTree = "<group>"; };
		AF333A092AC56057001D80FC /* Base */ = {isa = PBXFileReference; lastKnownFileType = file.storyboard; name = Base; path = Base.lproj/LaunchScreen.storyboard; sourceTree = "<group>"; };
		AF333A0B2AC56057001D80FC /* Info.plist */ = {isa = PBXFileReference; lastKnownFileType = text.plist.xml; path = Info.plist; sourceTree = "<group>"; };
		AF333A102AC56057001D80FC /* holamundoTests.xctest */ = {isa = PBXFileReference; explicitFileType = wrapper.cfbundle; includeInIndex = 0; path = holamundoTests.xctest; sourceTree = BUILT_PRODUCTS_DIR; };
		AF333A142AC56057001D80FC /* holamundoTests.swift */ = {isa = PBXFileReference; lastKnownFileType = sourcecode.swift; path = holamundoTests.swift; sourceTree = "<group>"; };
		AF333A162AC56057001D80FC /* Info.plist */ = {isa = PBXFileReference; lastKnownFileType = text.plist.xml; path = Info.plist; sourceTree = "<group>"; };
		AF333A1B2AC56057001D80FC /* holamundoUITests.xctest */ = {isa = PBXFileReference; explicitFileType = wrapper.cfbundle; includeInIndex = 0; path = holamundoUITests.xctest; sourceTree = BUILT_PRODUCTS_DIR; };
		AF333A1F2AC56057001D80FC /* holamundoUITests.swift */ = {isa = PBXFileReference; lastKnownFileType = sourcecode.swift; path = holamundoUITests.swift; sourceTree = "<group>"; };
		AF333A212AC56057001D80FC /* Info.plist */ = {isa = PBXFileReference; lastKnownFileType = text.plist.xml; path = Info.plist; sourceTree = "<group>"; };
/* End PBXFileReference section */

/* Begin PBXFrameworksBuildPhase section */
		AF3339F72AC56055001D80FC /* Frameworks */ = {
			isa = PBXFrameworksBuildPhase;
			buildActionMask = 2147483647;
			files = (
			);
			runOnlyForDeploymentPostprocessing = 0;
		};
		AF333A0D2AC56057001D80FC /* Frameworks */ = {
			isa = PBXFrameworksBuildPhase;
			buildActionMask = 2147483647;
			files = (
			);
			runOnlyForDeploymentPostprocessing = 0;
		};
		AF333A182AC56057001D80FC /* Frameworks */ = {
			isa = PBXFrameworksBuildPhase;
			buildActionMask = 2147483647;
			files = (
			);
			runOnlyForDeploymentPostprocessing = 0;
		};
/* End PBXFrameworksBuildPhase section */

/* Begin PBXGroup section */
		AF3339F12AC56055001D80FC = {
			isa = PBXGroup;
			children = (
				AF3339FC2AC56055001D80FC /* holamundo */,
				AF333A132AC56057001D80FC /* holamundoTests */,
				AF333A1E2AC56057001D80FC /* holamundoUITests */,
				AF3339FB2AC56055001D80FC /* Products */,
			);
			sourceTree = "<group>";
		};
		AF3339FB2AC56055001D80FC /* Products */ = {
			isa = PBXGroup;
			children = (
				AF3339FA2AC56055001D80FC /* holamundo.app */,
				AF333A102AC56057001D80FC /* holamundoTests.xctest */,
				AF333A1B2AC56057001D80FC /* holamundoUITests.xctest */,
			);
			name = Products;
			sourceTree = "<group>";
		};
		AF3339FC2AC56055001D80FC /* holamundo */ = {
			isa = PBXGroup;
			children = (
				AF3339FD2AC56055001D80FC /* AppDelegate.swift */,
				AF3339FF2AC56055001D80FC /* SceneDelegate.swift */,
				AF333A012AC56055001D80FC /* ViewController.swift */,
				AF333A032AC56055001D80FC /* Main.storyboard */,
				AF333A062AC56057001D80FC /* Assets.xcassets */,
				AF333A082AC56057001D80FC /* LaunchScreen.storyboard */,
				AF333A0B2AC56057001D80FC /* Info.plist */,
			);
			path = holamundo;
			sourceTree = "<group>";
		};
		AF333A132AC56057001D80FC /* holamundoTests */ = {
			isa = PBXGroup;
			children = (
				AF333A142AC56057001D80FC /* holamundoTests.swift */,
				AF333A162AC56057001D80FC /* Info.plist */,
			);
			path = holamundoTests;
			sourceTree = "<group>";
		};
		AF333A1E2AC56057001D80FC /* holamundoUITests */ = {
			isa = PBXGroup;
			children = (
				AF333A1F2AC56057001D80FC /* holamundoUITests.swift */,
				AF333A212AC56057001D80FC /* Info.plist */,
			);
			path = holamundoUITests;
			sourceTree = "<group>";
		};
/* End PBXGroup section */

/* Begin PBXNativeTarget section */
		AF3339F92AC56055001D80FC /* holamundo */ = {
			isa = PBXNativeTarget;
			buildConfigurationList = AF333A242AC56057001D80FC /* Build configuration list for PBXNativeTarget "holamundo" */;
			buildPhases = (
				AF3339F62AC56055001D80FC /* Sources */,
				AF3339F72AC56055001D80FC /* Frameworks */,
				AF3339F82AC56055001D80FC /* Resources */,
			);
			buildRules = (
			);
			dependencies = (
			);
			name = holamundo;
			productName = holamundo;
			productReference = AF3339FA2AC56055001D80FC /* holamundo.app */;
			productType = "com.apple.product-type.application";
		};
		AF333A0F2AC56057001D80FC /* holamundoTests */ = {
			isa = PBXNativeTarget;
			buildConfigurationList = AF333A272AC56057001D80FC /* Build configuration list for PBXNativeTarget "holamundoTests" */;
			buildPhases = (
				AF333A0C2AC56057001D80FC /* Sources */,
				AF333A0D2AC56057001D80FC /* Frameworks */,
				AF333A0E2AC56057001D80FC /* Resources */,
			);
			buildRules = (
			);
			dependencies = (
				AF333A122AC56057001D80FC /* PBXTargetDependency */,
			);
			name = holamundoTests;
			productName = holamundoTests;
			productReference = AF333A102AC56057001D80FC /* holamundoTests.xctest */;
			productType = "com.apple.product-type.bundle.unit-test";
		};
		AF333A1A2AC56057001D80FC /* holamundoUITests */ = {
			isa = PBXNativeTarget;
			buildConfigurationList = AF333A2A2AC56057001D80FC /* Build configuration list for PBXNativeTarget "holamundoUITests" */;
			buildPhases = (
				AF333A172AC56057001D80FC /* Sources */,
				AF333A182AC56057001D80FC /* Frameworks */,
				AF333A192AC56057001D80FC /* Resources */,
			);
			buildRules = (
			);
			dependencies = (
				AF333A1D2AC56057001D80FC /* PBXTargetDependency */,
			);
			name = holamundoUITests;
			productName = holamundoUITests;
			productReference = AF333A1B2AC56057001D80FC /* holamundoUITests.xctest */;
			productType = "com.apple.product-type.bundle.ui-testing";
		};
/* End PBXNativeTarget section */

/* Begin PBXProject section */
		AF3339F22AC56055001D80FC /* Project object */ = {
			isa = PBXProject;
			attributes = {
				LastSwiftUpdateCheck = 1240;
				LastUpgradeCheck = 1240;
				TargetAttributes = {
					AF3339F92AC56055001D80FC = {
						CreatedOnToolsVersion = 12.4;
					};
					AF333A0F2AC56057001D80FC = {
						CreatedOnToolsVersion = 12.4;
						TestTargetID = AF3339F92AC56055001D80FC;
					};
					AF333A1A2AC56057001D80FC = {
						CreatedOnToolsVersion = 12.4;
						TestTargetID = AF3339F92AC56055001D80FC;
					};
				};
			};
			buildConfigurationList = AF3339F52AC56055001D80FC /* Build configuration list for PBXProject "holamundo" */;
			compatibilityVersion = "Xcode 9.3";
			developmentRegion = en;
			hasScannedForEncodings = 0;
			knownRegions = (
				en,
				Base,
			);
			mainGroup = AF3339F12AC56055001D80FC;
			productRefGroup = AF3339FB2AC56055001D80FC /* Products */;
			projectDirPath = "";
			projectRoot = "";
			targets = (
				AF3339F92AC56055001D80FC /* holamundo */,
				AF333A0F2AC56057001D80FC /* holamundoTests */,
				AF333A1A2AC56057001D80FC /* holamundoUITests */,
			);
		};
/* End PBXProject section */

/* Begin PBXResourcesBuildPhase section */
		AF3339F82AC56055001D80FC /* Resources */ = {
			isa = PBXResourcesBuildPhase;
			buildActionMask = 2147483647;
			files = (
				AF333A0A2AC56057001D80FC /* LaunchScreen.storyboard in Resources */,
				AF333A072AC56057001D80FC /* Assets.xcassets in Resources */,
				AF333A052AC56055001D80FC /* Main.storyboard in Resources */,
			);
			runOnlyForDeploymentPostprocessing = 0;
		};
		AF333A0E2AC56057001D80FC /* Resources */ = {
			isa = PBXResourcesBuildPhase;
			buildActionMask = 2147483647;
			files = (
			);
			runOnlyForDeploymentPostprocessing = 0;
		};
		AF333A192AC56057001D80FC /* Resources */ = {
			isa = PBXResourcesBuildPhase;
			buildActionMask = 2147483647;
			files = (
			);
			runOnlyForDeploymentPostprocessing = 0;
		};
/* End PBXResourcesBuildPhase section */

/* Begin PBXSourcesBuildPhase section */
		AF3339F62AC56055001D80FC /* Sources */ = {
			isa = PBXSourcesBuildPhase;
			buildActionMask = 2147483647;
			files = (
				AF333A022AC56055001D80FC /* ViewController.swift in Sources */,
				AF3339FE2AC56055001D80FC /* AppDelegate.swift in Sources */,
				AF333A002AC56055001D80FC /* SceneDelegate.swift in Sources */,
			);
			runOnlyForDeploymentPostprocessing = 0;
		};
		AF333A0C2AC56057001D80FC /* Sources */ = {
			isa = PBXSourcesBuildPhase;
			buildActionMask = 2147483647;
			files = (
				AF333A152AC56057001D80FC /* holamundoTests.swift in Sources */,
			);
			runOnlyForDeploymentPostprocessing = 0;
		};
		AF333A172AC56057001D80FC /* Sources */ = {
			isa = PBXSourcesBuildPhase;
			buildActionMask = 2147483647;
			files = (
				AF333A202AC56057001D80FC /* holamundoUITests.swift in Sources */,
			);
			runOnlyForDeploymentPostprocessing = 0;
		};
/* End PBXSourcesBuildPhase section */

/* Begin PBXTargetDependency section */
		AF333A122AC56057001D80FC /* PBXTargetDependency */ = {
			isa = PBXTargetDependency;
			target = AF3339F92AC56055001D80FC /* holamundo */;
			targetProxy = AF333A112AC56057001D80FC /* PBXContainerItemProxy */;
		};
		AF333A1D2AC56057001D80FC /* PBXTargetDependency */ = {
			isa = PBXTargetDependency;
			target = AF3339F92AC56055001D80FC /* holamundo */;
			targetProxy = AF333A1C2AC56057001D80FC /* PBXContainerItemProxy */;
		};
/* End PBXTargetDependency section */

/* Begin PBXVariantGroup section */
		AF333A032AC56055001D80FC /* Main.storyboard */ = {
			isa = PBXVariantGroup;
			children = (
				AF333A042AC56055001D80FC /* Base */,
			);
			name = Main.storyboard;
			sourceTree = "<group>";
		};
		AF333A082AC56057001D80FC /* LaunchScreen.storyboard */ = {
			isa = PBXVariantGroup;
			children = (
				AF333A092AC56057001D80FC /* Base */,
			);
			name = LaunchScreen.storyboard;
			sourceTree = "<group>";
		};
/* End PBXVariantGroup section */

/* Begin XCBuildConfiguration section */
		AF333A222AC56057001D80FC /* Debug */ = {
			isa = XCBuildConfiguration;
			buildSettings = {
				ALWAYS_SEARCH_USER_PATHS = NO;
				CLANG_ANALYZER_NONNULL = YES;
				CLANG_ANALYZER_NUMBER_OBJECT_CONVERSION = YES_AGGRESSIVE;
				CLANG_CXX_LANGUAGE_STANDARD = "gnu++14";
				CLANG_CXX_LIBRARY = "libc++";
				CLANG_ENABLE_MODULES = YES;
				CLANG_ENABLE_OBJC_ARC = YES;
				CLANG_ENABLE_OBJC_WEAK = YES;
				CLANG_WARN_BLOCK_CAPTURE_AUTORELEASING = YES;
				CLANG_WARN_BOOL_CONVERSION = YES;
				CLANG_WARN_COMMA = YES;
				CLANG_WARN_CONSTANT_CONVERSION = YES;
				CLANG_WARN_DEPRECATED_OBJC_IMPLEMENTATIONS = YES;
				CLANG_WARN_DIRECT_OBJC_ISA_USAGE = YES_ERROR;
				CLANG_WARN_DOCUMENTATION_COMMENTS = YES;
				CLANG_WARN_EMPTY_BODY = YES;
				CLANG_WARN_ENUM_CONVERSION = YES;
				CLANG_WARN_INFINITE_RECURSION = YES;
				CLANG_WARN_INT_CONVERSION = YES;
				CLANG_WARN_NON_LITERAL_NULL_CONVERSION = YES;
				CLANG_WARN_OBJC_IMPLICIT_RETAIN_SELF = YES;
				CLANG_WARN_OBJC_LITERAL_CONVERSION = YES;
				CLANG_WARN_OBJC_ROOT_CLASS = YES_ERROR;
				CLANG_WARN_QUOTED_INCLUDE_IN_FRAMEWORK_HEADER = YES;
				CLANG_WARN_RANGE_LOOP_ANALYSIS = YES;
				CLANG_WARN_STRICT_PROTOTYPES = YES;
				CLANG_WARN_SUSPICIOUS_MOVE = YES;
				CLANG_WARN_UNGUARDED_AVAILABILITY = YES_AGGRESSIVE;
				CLANG_WARN_UNREACHABLE_CODE = YES;
				CLANG_WARN__DUPLICATE_METHOD_MATCH = YES;
				COPY_PHASE_STRIP = NO;
				DEBUG_INFORMATION_FORMAT = dwarf;
				ENABLE_STRICT_OBJC_MSGSEND = YES;
				ENABLE_TESTABILITY = YES;
				GCC_C_LANGUAGE_STANDARD = gnu11;
				GCC_DYNAMIC_NO_PIC = NO;
				GCC_NO_COMMON_BLOCKS = YES;
				GCC_OPTIMIZATION_LEVEL = 0;
				GCC_PREPROCESSOR_DEFINITIONS = (
					"DEBUG=1",
					"$(inherited)",
				);
				GCC_WARN_64_TO_32_BIT_CONVERSION = YES;
				GCC_WARN_ABOUT_RETURN_TYPE = YES_ERROR;
				GCC_WARN_UNDECLARED_SELECTOR = YES;
				GCC_WARN_UNINITIALIZED_AUTOS = YES_AGGRESSIVE;
				GCC_WARN_UNUSED_FUNCTION = YES;
				GCC_WARN_UNUSED_VARIABLE = YES;
				IPHONEOS_DEPLOYMENT_TARGET = 14.4;
				MTL_ENABLE_DEBUG_INFO = INCLUDE_SOURCE;
				MTL_FAST_MATH = YES;
				ONLY_ACTIVE_ARCH = YES;
				SDKROOT = iphoneos;
				SWIFT_ACTIVE_COMPILATION_CONDITIONS = DEBUG;
				SWIFT_OPTIMIZATION_LEVEL = "-Onone";
			};
			name = Debug;
		};
		AF333A232AC56057001D80FC /* Release */ = {
			isa = XCBuildConfiguration;
			buildSettings = {
				ALWAYS_SEARCH_USER_PATHS = NO;
				CLANG_ANALYZER_NONNULL = YES;
				CLANG_ANALYZER_NUMBER_OBJECT_CONVERSION = YES_AGGRESSIVE;
				CLANG_CXX_LANGUAGE_STANDARD = "gnu++14";
				CLANG_CXX_LIBRARY = "libc++";
				CLANG_ENABLE_MODULES = YES;
				CLANG_ENABLE_OBJC_ARC = YES;
				CLANG_ENABLE_OBJC_WEAK = YES;
				CLANG_WARN_BLOCK_CAPTURE_AUTORELEASING = YES;
				CLANG_WARN_BOOL_CONVERSION = YES;
				CLANG_WARN_COMMA = YES;
				CLANG_WARN_CONSTANT_CONVERSION = YES;
				CLANG_WARN_DEPRECATED_OBJC_IMPLEMENTATIONS = YES;
				CLANG_WARN_DIRECT_OBJC_ISA_USAGE = YES_ERROR;
				CLANG_WARN_DOCUMENTATION_COMMENTS = YES;
				CLANG_WARN_EMPTY_BODY = YES;
				CLANG_WARN_ENUM_CONVERSION = YES;
				CLANG_WARN_INFINITE_RECURSION = YES;
				CLANG_WARN_INT_CONVERSION = YES;
				CLANG_WARN_NON_LITERAL_NULL_CONVERSION = YES;
				CLANG_WARN_OBJC_IMPLICIT_RETAIN_SELF = YES;
				CLANG_WARN_OBJC_LITERAL_CONVERSION = YES;
				CLANG_WARN_OBJC_ROOT_CLASS = YES_ERROR;
				CLANG_WARN_QUOTED_INCLUDE_IN_FRAMEWORK_HEADER = YES;
				CLANG_WARN_RANGE_LOOP_ANALYSIS = YES;
				CLANG_WARN_STRICT_PROTOTYPES = YES;
				CLANG_WARN_SUSPICIOUS_MOVE = YES;
				CLANG_WARN_UNGUARDED_AVAILABILITY = YES_AGGRESSIVE;
				CLANG_WARN_UNREACHABLE_CODE = YES;
				CLANG_WARN__DUPLICATE_METHOD_MATCH = YES;
				COPY_PHASE_STRIP = NO;
				DEBUG_INFORMATION_FORMAT = "dwarf-with-dsym";
				ENABLE_NS_ASSERTIONS = NO;
				ENABLE_STRICT_OBJC_MSGSEND = YES;
				GCC_C_LANGUAGE_STANDARD = gnu11;
				GCC_NO_COMMON_BLOCKS = YES;
				GCC_WARN_64_TO_32_BIT_CONVERSION = YES;
				GCC_WARN_ABOUT_RETURN_TYPE = YES_ERROR;
				GCC_WARN_UNDECLARED_SELECTOR = YES;
				GCC_WARN_UNINITIALIZED_AUTOS = YES_AGGRESSIVE;
				GCC_WARN_UNUSED_FUNCTION = YES;
				GCC_WARN_UNUSED_VARIABLE = YES;
				IPHONEOS_DEPLOYMENT_TARGET = 14.4;
				MTL_ENABLE_DEBUG_INFO = NO;
				MTL_FAST_MATH = YES;
				SDKROOT = iphoneos;
				SWIFT_COMPILATION_MODE = wholemodule;
				SWIFT_OPTIMIZATION_LEVEL = "-O";
				VALIDATE_PRODUCT = YES;
			};
			name = Release;
		};
		AF333A252AC56057001D80FC /* Debug */ = {
			isa = XCBuildConfiguration;
			buildSettings = {
				ASSETCATALOG_COMPILER_APPICON_NAME = AppIcon;
				ASSETCATALOG_COMPILER_GLOBAL_ACCENT_COLOR_NAME = AccentColor;
				CODE_SIGN_STYLE = Automatic;
				INFOPLIST_FILE = holamundo/Info.plist;
				LD_RUNPATH_SEARCH_PATHS = (
					"$(inherited)",
					"@executable_path/Frameworks",
				);
				PRODUCT_BUNDLE_IDENTIFIER = alberto.aguado.holamundo;
				PRODUCT_NAME = "$(TARGET_NAME)";
				SWIFT_VERSION = 5.0;
				TARGETED_DEVICE_FAMILY = "1,2";
			};
			name = Debug;
		};
		AF333A262AC56057001D80FC /* Release */ = {
			isa = XCBuildConfiguration;
			buildSettings = {
				ASSETCATALOG_COMPILER_APPICON_NAME = AppIcon;
				ASSETCATALOG_COMPILER_GLOBAL_ACCENT_COLOR_NAME = AccentColor;
				CODE_SIGN_STYLE = Automatic;
				INFOPLIST_FILE = holamundo/Info.plist;
				LD_RUNPATH_SEARCH_PATHS = (
					"$(inherited)",
					"@executable_path/Frameworks",
				);
				PRODUCT_BUNDLE_IDENTIFIER = alberto.aguado.holamundo;
				PRODUCT_NAME = "$(TARGET_NAME)";
				SWIFT_VERSION = 5.0;
				TARGETED_DEVICE_FAMILY = "1,2";
			};
			name = Release;
		};
		AF333A282AC56057001D80FC /* Debug */ = {
			isa = XCBuildConfiguration;
			buildSettings = {
				ALWAYS_EMBED_SWIFT_STANDARD_LIBRARIES = YES;
				BUNDLE_LOADER = "$(TEST_HOST)";
				CODE_SIGN_STYLE = Automatic;
				INFOPLIST_FILE = holamundoTests/Info.plist;
				IPHONEOS_DEPLOYMENT_TARGET = 14.4;
				LD_RUNPATH_SEARCH_PATHS = (
					"$(inherited)",
					"@executable_path/Frameworks",
					"@loader_path/Frameworks",
				);
				PRODUCT_BUNDLE_IDENTIFIER = alberto.aguado.holamundoTests;
				PRODUCT_NAME = "$(TARGET_NAME)";
				SWIFT_VERSION = 5.0;
				TARGETED_DEVICE_FAMILY = "1,2";
				TEST_HOST = "$(BUILT_PRODUCTS_DIR)/holamundo.app/holamundo";
			};
			name = Debug;
		};
		AF333A292AC56057001D80FC /* Release */ = {
			isa = XCBuildConfiguration;
			buildSettings = {
				ALWAYS_EMBED_SWIFT_STANDARD_LIBRARIES = YES;
				BUNDLE_LOADER = "$(TEST_HOST)";
				CODE_SIGN_STYLE = Automatic;
				INFOPLIST_FILE = holamundoTests/Info.plist;
				IPHONEOS_DEPLOYMENT_TARGET = 14.4;
				LD_RUNPATH_SEARCH_PATHS = (
					"$(inherited)",
					"@executable_path/Frameworks",
					"@loader_path/Frameworks",
				);
				PRODUCT_BUNDLE_IDENTIFIER = alberto.aguado.holamundoTests;
				PRODUCT_NAME = "$(TARGET_NAME)";
				SWIFT_VERSION = 5.0;
				TARGETED_DEVICE_FAMILY = "1,2";
				TEST_HOST = "$(BUILT_PRODUCTS_DIR)/holamundo.app/holamundo";
			};
			name = Release;
		};
		AF333A2B2AC56057001D80FC /* Debug */ = {
			isa = XCBuildConfiguration;
			buildSettings = {
				ALWAYS_EMBED_SWIFT_STANDARD_LIBRARIES = YES;
				CODE_SIGN_STYLE = Automatic;
				INFOPLIST_FILE = holamundoUITests/Info.plist;
				LD_RUNPATH_SEARCH_PATHS = (
					"$(inherited)",
					"@executable_path/Frameworks",
					"@loader_path/Frameworks",
				);
				PRODUCT_BUNDLE_IDENTIFIER = alberto.aguado.holamundoUITests;
				PRODUCT_NAME = "$(TARGET_NAME)";
				SWIFT_VERSION = 5.0;
				TARGETED_DEVICE_FAMILY = "1,2";
				TEST_TARGET_NAME = holamundo;
			};
			name = Debug;
		};
		AF333A2C2AC56057001D80FC /* Release */ = {
			isa = XCBuildConfiguration;
			buildSettings = {
				ALWAYS_EMBED_SWIFT_STANDARD_LIBRARIES = YES;
				CODE_SIGN_STYLE = Automatic;
				INFOPLIST_FILE = holamundoUITests/Info.plist;
				LD_RUNPATH_SEARCH_PATHS = (
					"$(inherited)",
					"@executable_path/Frameworks",
					"@loader_path/Frameworks",
				);
				PRODUCT_BUNDLE_IDENTIFIER = alberto.aguado.holamundoUITests;
				PRODUCT_NAME = "$(TARGET_NAME)";
				SWIFT_VERSION = 5.0;
				TARGETED_DEVICE_FAMILY = "1,2";
				TEST_TARGET_NAME = holamundo;
			};
			name = Release;
		};
/* End XCBuildConfiguration section */

/* Begin XCConfigurationList section */
		AF3339F52AC56055001D80FC /* Build configuration list for PBXProject "holamundo" */ = {
			isa = XCConfigurationList;
			buildConfigurations = (
				AF333A222AC56057001D80FC /* Debug */,
				AF333A232AC56057001D80FC /* Release */,
			);
			defaultConfigurationIsVisible = 0;
			defaultConfigurationName = Release;
		};
		AF333A242AC56057001D80FC /* Build configuration list for PBXNativeTarget "holamundo" */ = {
			isa = XCConfigurationList;
			buildConfigurations = (
				AF333A252AC56057001D80FC /* Debug */,
				AF333A262AC56057001D80FC /* Release */,
			);
			defaultConfigurationIsVisible = 0;
			defaultConfigurationName = Release;
		};
		AF333A272AC56057001D80FC /* Build configuration list for PBXNativeTarget "holamundoTests" */ = {
			isa = XCConfigurationList;
			buildConfigurations = (
				AF333A282AC56057001D80FC /* Debug */,
				AF333A292AC56057001D80FC /* Release */,
			);
			defaultConfigurationIsVisible = 0;
			defaultConfigurationName = Release;
		};
		AF333A2A2AC56057001D80FC /* Build configuration list for PBXNativeTarget "holamundoUITests" */ = {
			isa = XCConfigurationList;
			buildConfigurations = (
				AF333A2B2AC56057001D80FC /* Debug */,
				AF333A2C2AC56057001D80FC /* Release */,
			);
			defaultConfigurationIsVisible = 0;
			defaultConfigurationName = Release;
		};
/* End XCConfigurationList section */
	};
	rootObject = AF3339F22AC56055001D80FC /* Project object */;
}
